[[package]]
name = "memory-pager"
version = "0.4.2"
source = "registry+https://github.com/rust-lang/crates.io-index"

[[package]]
name = "sparse-bitfield"
version = "0.1.0"
dependencies = [
 "memory-pager 0.4.2 (registry+https://github.com/rust-lang/crates.io-index)",
]

[metadata]
"checksum memory-pager 0.4.2 (registry+https://github.com/rust-lang/crates.io-index)" = "ae1087044cacb1728e1656154642eca10227a7cfe77e7d6df4471fa6bf7b0685"
